<?xml version="1.0" encoding="utf-8"?>
<Project ToolsVersion="4.0" xmlns="http://schemas.microsoft.com/developer/msbuild/2003">
  <ItemGroup>
    <Filter Include="소스 파일">
      <UniqueIdentifier>{4FC737F1-C7A5-4376-A066-2A32D752A2FF}</UniqueIdentifier>
      <Extensions>cpp;c;cc;cxx;c++;cppm;ixx;def;odl;idl;hpj;bat;asm;asmx</Extensions>
    </Filter>
    <Filter Include="헤더 파일">
      <UniqueIdentifier>{93995380-89BD-4b04-88EB-625FBE52EBFB}</UniqueIdentifier>
      <Extensions>h;hh;hpp;hxx;h++;hm;inl;inc;ipp;xsd</Extensions>
    </Filter>
    <Filter Include="리소스 파일">
      <UniqueIdentifier>{67DA6AB6-F800-4c08-8B7A-83BB121AAD01}</UniqueIdentifier>
      <Extensions>rc;ico;cur;bmp;dlg;rc2;rct;bin;rgs;gif;jpg;jpeg;jpe;resx;tiff;tif;png;wav;mfcribbon-ms</Extensions>
    </Filter>
    <Filter Include="Shader">
      <UniqueIdentifier>{bde71862-5778-4eda-9520-25c4f7886ae3}</UniqueIdentifier>
    </Filter>
    <Filter Include="소스 파일\Model">
      <UniqueIdentifier>{56867d9a-ae4a-41a6-8bc9-2c0570418237}</UniqueIdentifier>
    </Filter>
    <Filter Include="헤더 파일\Model">
      <UniqueIdentifier>{343ab7e8-d942-493a-b043-e242e70ea209}</UniqueIdentifier>
    </Filter>
    <Filter Include="소스 파일\Camera">
      <UniqueIdentifier>{810fc2d7-bec8-4427-be28-35c68d536ecb}</UniqueIdentifier>
    </Filter>
    <Filter Include="헤더 파일\Camera">
      <UniqueIdentifier>{47ae801e-4006-47d0-ae05-548fa357667e}</UniqueIdentifier>
    </Filter>
    <Filter Include="헤더 파일\Utils">
      <UniqueIdentifier>{01a8406d-c4d9-4975-a5ba-ece06fa4b3bf}</UniqueIdentifier>
    </Filter>
    <Filter Include="소스 파일\Utils">
      <UniqueIdentifier>{ac0113e6-afd1-4f90-9078-03771388cce5}</UniqueIdentifier>
    </Filter>
    <Filter Include="소스 파일\Main">
      <UniqueIdentifier>{0505c04a-655b-4531-a921-1d69aa6249e7}</UniqueIdentifier>
    </Filter>
    <Filter Include="헤더 파일\Main">
      <UniqueIdentifier>{3ff67aee-c3a9-48e7-86c3-d503fcb899aa}</UniqueIdentifier>
    </Filter>
    <Filter Include="소스 파일\Light">
      <UniqueIdentifier>{be82a46f-d4bf-439e-a611-569b584134db}</UniqueIdentifier>
    </Filter>
    <Filter Include="헤더 파일\Light">
      <UniqueIdentifier>{6a94f358-5905-4f1d-a547-9175c299d290}</UniqueIdentifier>
    </Filter>
    <Filter Include="헤더 파일\Transformation">
      <UniqueIdentifier>{e8a96e78-9dbe-404e-8b01-95fdae402aa8}</UniqueIdentifier>
    </Filter>
    <Filter Include="소스 파일\Transformation">
      <UniqueIdentifier>{4605bcec-90f0-4688-ba48-2bbeb6ad0232}</UniqueIdentifier>
    </Filter>
    <Filter Include="소스 파일\Drawer">
      <UniqueIdentifier>{b0cbee6a-71aa-4697-b817-899688bd34f0}</UniqueIdentifier>
    </Filter>
    <Filter Include="헤더 파일\Drawer">
      <UniqueIdentifier>{de2587d0-6c05-413f-a77e-526722e806d9}</UniqueIdentifier>
    </Filter>
    <Filter Include="소스 파일\Model\Specific">
      <UniqueIdentifier>{f4cb0c6c-6922-4df7-90ef-9c1bf2b0a3ce}</UniqueIdentifier>
    </Filter>
    <Filter Include="헤더 파일\Model\Specific">
      <UniqueIdentifier>{9da587ed-81ef-4e45-8e52-51aca6caa54d}</UniqueIdentifier>
    </Filter>
    <Filter Include="소스 파일\Canvas">
      <UniqueIdentifier>{98e446ee-2ef2-42d8-9339-1dcc1842eb56}</UniqueIdentifier>
    </Filter>
    <Filter Include="헤더 파일\Canvas">
      <UniqueIdentifier>{6e8fb75d-c9c4-4929-8369-9c97a87bc8e9}</UniqueIdentifier>
    </Filter>
    <Filter Include="소스 파일\GUI">
      <UniqueIdentifier>{65dbbfa6-f44f-4154-a853-85c2032c3771}</UniqueIdentifier>
    </Filter>
    <Filter Include="헤더 파일\GUI">
      <UniqueIdentifier>{3c9f599d-965d-47f1-8f92-64a5d3452d35}</UniqueIdentifier>
    </Filter>
    <Filter Include="소스 파일\Camera\Specific">
      <UniqueIdentifier>{0382e59d-7599-4f0f-878f-2d64f7c09a51}</UniqueIdentifier>
    </Filter>
    <Filter Include="헤더 파일\Camera\Specific">
      <UniqueIdentifier>{39527639-b1d5-4a56-8187-944ec67a8ea1}</UniqueIdentifier>
    </Filter>
    <Filter Include="소스 파일\PostProcess">
      <UniqueIdentifier>{f8d0fb8d-8a7f-49c7-904b-70c3ff9b7f62}</UniqueIdentifier>
    </Filter>
    <Filter Include="헤더 파일\PostProcess">
      <UniqueIdentifier>{69b7ad86-c895-49e5-8603-fef065d91e88}</UniqueIdentifier>
    </Filter>
    <Filter Include="소스 파일\PostProcess\Filter">
      <UniqueIdentifier>{ed34881b-41e4-4b63-8f18-5aed44dbaeb6}</UniqueIdentifier>
    </Filter>
    <Filter Include="헤더 파일\PostProcess\Filter">
      <UniqueIdentifier>{d6dfd2d6-e0d4-440c-8b9d-013de5c8ea64}</UniqueIdentifier>
    </Filter>
  </ItemGroup>
  <ItemGroup>
    <ClCompile Include="CameraBase.cpp">
      <Filter>소스 파일\Camera</Filter>
    </ClCompile>
    <ClCompile Include="ID3D11Helper.cpp">
      <Filter>소스 파일\Utils</Filter>
    </ClCompile>
    <ClCompile Include="MathematicalHelper.cpp">
      <Filter>소스 파일\Utils</Filter>
    </ClCompile>
    <ClCompile Include="main.cpp">
      <Filter>소스 파일\Main</Filter>
    </ClCompile>
    <ClCompile Include="PortfolioApp.cpp">
      <Filter>소스 파일\Main</Filter>
    </ClCompile>
    <ClCompile Include="BaseApp.cpp">
      <Filter>소스 파일\Main</Filter>
    </ClCompile>
    <ClCompile Include="TempVariable.cpp">
      <Filter>소스 파일\Utils</Filter>
    </ClCompile>
    <ClCompile Include="FileManager.cpp">
      <Filter>소스 파일\Utils</Filter>
    </ClCompile>
    <ClCompile Include="ModelID.cpp">
      <Filter>소스 파일\Model</Filter>
    </ClCompile>
    <ClCompile Include="TextureSet.cpp">
      <Filter>소스 파일\Model</Filter>
    </ClCompile>
    <ClCompile Include="TransformProperties.cpp">
      <Filter>소스 파일\Transformation</Filter>
    </ClCompile>
    <ClCompile Include="BaseModelDrawer.cpp">
      <Filter>소스 파일\Drawer</Filter>
    </ClCompile>
    <ClCompile Include="SphereModel.cpp">
      <Filter>소스 파일\Model\Specific</Filter>
    </ClCompile>
    <ClCompile Include="ModelInterface.cpp">
      <Filter>소스 파일\Model\Specific</Filter>
    </ClCompile>
    <ClCompile Include="ModelOutlineDrawer.cpp">
      <Filter>소스 파일\Drawer</Filter>
    </ClCompile>
    <ClCompile Include="DrawerInterface.cpp">
      <Filter>소스 파일\Drawer</Filter>
    </ClCompile>
    <ClCompile Include="LightManager.cpp">
      <Filter>소스 파일\Light</Filter>
    </ClCompile>
    <ClCompile Include="Canvas.cpp">
      <Filter>소스 파일\Canvas</Filter>
    </ClCompile>
    <ClCompile Include="DepthStencilState.cpp">
      <Filter>소스 파일\Utils</Filter>
    </ClCompile>
    <ClCompile Include="ModelManageGui.cpp">
      <Filter>소스 파일\GUI</Filter>
    </ClCompile>
    <ClCompile Include="LightManageGui.cpp">
      <Filter>소스 파일\GUI</Filter>
    </ClCompile>
    <ClCompile Include="FileManageGui.cpp">
      <Filter>소스 파일\GUI</Filter>
    </ClCompile>
    <ClCompile Include="SquareModel.cpp">
      <Filter>소스 파일\Model\Specific</Filter>
    </ClCompile>
    <ClCompile Include="NormalVectorDrawer.cpp">
      <Filter>소스 파일\Drawer</Filter>
    </ClCompile>
    <ClCompile Include="ManageGuiInterface.cpp">
      <Filter>소스 파일\GUI</Filter>
    </ClCompile>
    <ClCompile Include="SettingManageGui.cpp">
      <Filter>소스 파일\GUI</Filter>
    </ClCompile>
    <ClCompile Include="CameraUNorm.cpp">
      <Filter>소스 파일\Camera\Specific</Filter>
    </ClCompile>
    <ClCompile Include="CameraHDR.cpp">
      <Filter>소스 파일\Camera\Specific</Filter>
    </ClCompile>
    <ClCompile Include="CameraInfo.cpp">
      <Filter>소스 파일\Camera</Filter>
    </ClCompile>
    <ClCompile Include="CameraAdapter.cpp">
      <Filter>소스 파일\Camera</Filter>
    </ClCompile>
    <ClCompile Include="PostProcess.cpp">
      <Filter>소스 파일\PostProcess</Filter>
    </ClCompile>
    <ClCompile Include="BloomUp.cpp">
      <Filter>소스 파일\PostProcess\Filter</Filter>
    </ClCompile>
    <ClCompile Include="BloomDown.cpp">
      <Filter>소스 파일\PostProcess\Filter</Filter>
    </ClCompile>
    <ClCompile Include="FilterAdapter.cpp">
      <Filter>소스 파일\PostProcess</Filter>
    </ClCompile>
    <ClCompile Include="FilterInterface.cpp">
      <Filter>소스 파일\PostProcess</Filter>
    </ClCompile>
  </ItemGroup>
  <ItemGroup>
    <ClInclude Include="CameraBase.h">
      <Filter>헤더 파일\Camera</Filter>
    </ClInclude>
    <ClInclude Include="ID3D11Helper.h">
      <Filter>헤더 파일\Utils</Filter>
    </ClInclude>
    <ClInclude Include="EnumVar.h">
      <Filter>헤더 파일\Utils</Filter>
    </ClInclude>
    <ClInclude Include="MathematicalHelper.h">
      <Filter>헤더 파일\Utils</Filter>
    </ClInclude>
    <ClInclude Include="DefineVar.h">
      <Filter>헤더 파일\Utils</Filter>
    </ClInclude>
    <ClInclude Include="PortfolioApp.h">
      <Filter>헤더 파일\Main</Filter>
    </ClInclude>
    <ClInclude Include="BaseApp.h">
      <Filter>헤더 파일\Main</Filter>
    </ClInclude>
    <ClInclude Include="TempVariable.h">
      <Filter>헤더 파일\Utils</Filter>
    </ClInclude>
    <ClInclude Include="FileManager.h">
      <Filter>헤더 파일\Utils</Filter>
    </ClInclude>
    <ClInclude Include="ModelID.h">
      <Filter>헤더 파일\Model</Filter>
    </ClInclude>
    <ClInclude Include="TextureSet.h">
      <Filter>헤더 파일\Model</Filter>
    </ClInclude>
    <ClInclude Include="TODO.h">
      <Filter>소스 파일</Filter>
    </ClInclude>
    <ClInclude Include="DepthStencilState.h">
      <Filter>헤더 파일\Camera</Filter>
    </ClInclude>
    <ClInclude Include="TransformProperties.h">
      <Filter>헤더 파일\Transformation</Filter>
    </ClInclude>
    <ClInclude Include="BaseModelDrawer.h">
      <Filter>헤더 파일\Drawer</Filter>
    </ClInclude>
    <ClInclude Include="ModelInterface.h">
      <Filter>헤더 파일\Model\Specific</Filter>
    </ClInclude>
    <ClInclude Include="SphereModel.h">
      <Filter>헤더 파일\Model\Specific</Filter>
    </ClInclude>
    <ClInclude Include="ModelOutlineDrawer.h">
      <Filter>헤더 파일\Drawer</Filter>
    </ClInclude>
    <ClInclude Include="DrawerInterface.h">
      <Filter>헤더 파일\Drawer</Filter>
    </ClInclude>
    <ClInclude Include="LightManager.h">
      <Filter>헤더 파일\Light</Filter>
    </ClInclude>
    <ClInclude Include="Canvas.h">
      <Filter>헤더 파일\Canvas</Filter>
    </ClInclude>
    <ClInclude Include="LightManageGui.h">
      <Filter>헤더 파일\GUI</Filter>
    </ClInclude>
    <ClInclude Include="ModelManageGui.h">
      <Filter>헤더 파일\GUI</Filter>
    </ClInclude>
    <ClInclude Include="FileManageGui.h">
      <Filter>헤더 파일\GUI</Filter>
    </ClInclude>
    <ClInclude Include="SquareModel.h">
      <Filter>헤더 파일\Model\Specific</Filter>
    </ClInclude>
    <ClInclude Include="NormalVectorDrawer.h">
      <Filter>헤더 파일\Drawer</Filter>
    </ClInclude>
    <ClInclude Include="ManageGuiInterface.h">
      <Filter>헤더 파일\GUI</Filter>
    </ClInclude>
    <ClInclude Include="SettingManageGui.h">
      <Filter>헤더 파일\GUI</Filter>
    </ClInclude>
    <ClInclude Include="CameraHDR.h">
      <Filter>헤더 파일\Camera\Specific</Filter>
    </ClInclude>
    <ClInclude Include="CameraUNorm.h">
      <Filter>헤더 파일\Camera\Specific</Filter>
    </ClInclude>
    <ClInclude Include="CameraInfo.h">
      <Filter>헤더 파일\Camera</Filter>
    </ClInclude>
    <ClInclude Include="CameraAdapter.h">
      <Filter>헤더 파일\Camera</Filter>
    </ClInclude>
    <ClInclude Include="PostProcess.h">
      <Filter>헤더 파일\PostProcess</Filter>
    </ClInclude>
    <ClInclude Include="FilterInterface.h">
      <Filter>헤더 파일\PostProcess</Filter>
    </ClInclude>
    <ClInclude Include="FilterAdapter.h">
      <Filter>헤더 파일\PostProcess</Filter>
    </ClInclude>
    <ClInclude Include="BloomDown.h">
      <Filter>헤더 파일\PostProcess\Filter</Filter>
    </ClInclude>
    <ClInclude Include="BloomUp.h">
      <Filter>헤더 파일\PostProcess\Filter</Filter>
    </ClInclude>
  </ItemGroup>
  <ItemGroup>
    <FxCompile Include="BaseModelVS.hlsl">
      <Filter>Shader</Filter>
    </FxCompile>
    <FxCompile Include="BaseModelPS.hlsl">
      <Filter>Shader</Filter>
    </FxCompile>
    <FxCompile Include="BaseModelHS.hlsl">
      <Filter>Shader</Filter>
    </FxCompile>
    <FxCompile Include="BaseModelDS.hlsl">
      <Filter>Shader</Filter>
    </FxCompile>
    <FxCompile Include="OutlinerPS.hlsl">
      <Filter>Shader</Filter>
    </FxCompile>
    <FxCompile Include="NormalVectorPS.hlsl">
      <Filter>Shader</Filter>
    </FxCompile>
    <FxCompile Include="NormalVectorGS.hlsl">
      <Filter>Shader</Filter>
    </FxCompile>
  </ItemGroup>
  <ItemGroup>
    <None Include="Common.hlsli">
      <Filter>Shader</Filter>
    </None>
    <None Include="NormalVectorShaderType.hlsli">
      <Filter>Shader</Filter>
    </None>
  </ItemGroup>
</Project>