<?xml version="1.0" encoding="utf-8"?>
<Project ToolsVersion="4.0" xmlns="http://schemas.microsoft.com/developer/msbuild/2003">
  <ItemGroup>
    <Filter Include="소스 파일">
      <UniqueIdentifier>{4FC737F1-C7A5-4376-A066-2A32D752A2FF}</UniqueIdentifier>
      <Extensions>cpp;c;cc;cxx;c++;cppm;ixx;def;odl;idl;hpj;bat;asm;asmx</Extensions>
    </Filter>
    <Filter Include="헤더 파일">
      <UniqueIdentifier>{93995380-89BD-4b04-88EB-625FBE52EBFB}</UniqueIdentifier>
      <Extensions>h;hh;hpp;hxx;h++;hm;inl;inc;ipp;xsd</Extensions>
    </Filter>
    <Filter Include="리소스 파일">
      <UniqueIdentifier>{67DA6AB6-F800-4c08-8B7A-83BB121AAD01}</UniqueIdentifier>
      <Extensions>rc;ico;cur;bmp;dlg;rc2;rct;bin;rgs;gif;jpg;jpeg;jpe;resx;tiff;tif;png;wav;mfcribbon-ms</Extensions>
    </Filter>
    <Filter Include="Shader">
      <UniqueIdentifier>{bde71862-5778-4eda-9520-25c4f7886ae3}</UniqueIdentifier>
    </Filter>
    <Filter Include="소스 파일\Model">
      <UniqueIdentifier>{56867d9a-ae4a-41a6-8bc9-2c0570418237}</UniqueIdentifier>
    </Filter>
    <Filter Include="헤더 파일\Model">
      <UniqueIdentifier>{343ab7e8-d942-493a-b043-e242e70ea209}</UniqueIdentifier>
    </Filter>
    <Filter Include="소스 파일\Camera">
      <UniqueIdentifier>{810fc2d7-bec8-4427-be28-35c68d536ecb}</UniqueIdentifier>
    </Filter>
    <Filter Include="헤더 파일\Camera">
      <UniqueIdentifier>{47ae801e-4006-47d0-ae05-548fa357667e}</UniqueIdentifier>
    </Filter>
    <Filter Include="헤더 파일\Utils">
      <UniqueIdentifier>{01a8406d-c4d9-4975-a5ba-ece06fa4b3bf}</UniqueIdentifier>
    </Filter>
    <Filter Include="소스 파일\Utils">
      <UniqueIdentifier>{ac0113e6-afd1-4f90-9078-03771388cce5}</UniqueIdentifier>
    </Filter>
    <Filter Include="소스 파일\Main">
      <UniqueIdentifier>{0505c04a-655b-4531-a921-1d69aa6249e7}</UniqueIdentifier>
    </Filter>
    <Filter Include="헤더 파일\Main">
      <UniqueIdentifier>{3ff67aee-c3a9-48e7-86c3-d503fcb899aa}</UniqueIdentifier>
    </Filter>
    <Filter Include="소스 파일\Light">
      <UniqueIdentifier>{be82a46f-d4bf-439e-a611-569b584134db}</UniqueIdentifier>
    </Filter>
    <Filter Include="헤더 파일\Light">
      <UniqueIdentifier>{6a94f358-5905-4f1d-a547-9175c299d290}</UniqueIdentifier>
    </Filter>
    <Filter Include="헤더 파일\Transformation">
      <UniqueIdentifier>{e8a96e78-9dbe-404e-8b01-95fdae402aa8}</UniqueIdentifier>
    </Filter>
    <Filter Include="소스 파일\Transformation">
      <UniqueIdentifier>{4605bcec-90f0-4688-ba48-2bbeb6ad0232}</UniqueIdentifier>
    </Filter>
    <Filter Include="소스 파일\Drawer">
      <UniqueIdentifier>{b0cbee6a-71aa-4697-b817-899688bd34f0}</UniqueIdentifier>
    </Filter>
    <Filter Include="헤더 파일\Drawer">
      <UniqueIdentifier>{de2587d0-6c05-413f-a77e-526722e806d9}</UniqueIdentifier>
    </Filter>
    <Filter Include="소스 파일\Model\Specific">
      <UniqueIdentifier>{f4cb0c6c-6922-4df7-90ef-9c1bf2b0a3ce}</UniqueIdentifier>
    </Filter>
    <Filter Include="헤더 파일\Model\Specific">
      <UniqueIdentifier>{9da587ed-81ef-4e45-8e52-51aca6caa54d}</UniqueIdentifier>
    </Filter>
    <Filter Include="소스 파일\Canvas">
      <UniqueIdentifier>{3142697f-9aad-4934-a3cf-f91ea7a28c8d}</UniqueIdentifier>
    </Filter>
    <Filter Include="헤더 파일\Canvas">
      <UniqueIdentifier>{b34145dc-bf26-4fed-84cf-83e93b092109}</UniqueIdentifier>
    </Filter>
  </ItemGroup>
  <ItemGroup>
    <ClCompile Include="ICamera.cpp">
      <Filter>소스 파일\Camera</Filter>
    </ClCompile>
    <ClCompile Include="ID3D11Helper.cpp">
      <Filter>소스 파일\Utils</Filter>
    </ClCompile>
    <ClCompile Include="MathematicalHelper.cpp">
      <Filter>소스 파일\Utils</Filter>
    </ClCompile>
    <ClCompile Include="main.cpp">
      <Filter>소스 파일\Main</Filter>
    </ClCompile>
    <ClCompile Include="PortfolioApp.cpp">
      <Filter>소스 파일\Main</Filter>
    </ClCompile>
    <ClCompile Include="BaseApp.cpp">
      <Filter>소스 파일\Main</Filter>
    </ClCompile>
    <ClCompile Include="TempVariable.cpp">
      <Filter>소스 파일\Utils</Filter>
    </ClCompile>
    <ClCompile Include="FileLoader.cpp">
      <Filter>소스 파일\Utils</Filter>
    </ClCompile>
    <ClCompile Include="ILight.cpp">
      <Filter>소스 파일\Light</Filter>
    </ClCompile>
    <ClCompile Include="DirectionalLight.cpp">
      <Filter>소스 파일\Light</Filter>
    </ClCompile>
    <ClCompile Include="ModelID.cpp">
      <Filter>소스 파일\Model</Filter>
    </ClCompile>
    <ClCompile Include="TextureSet.cpp">
      <Filter>소스 파일\Model</Filter>
    </ClCompile>
    <ClCompile Include="DepthStencilState.cpp">
      <Filter>소스 파일\Camera</Filter>
    </ClCompile>
    <ClCompile Include="TransformProperties.cpp">
      <Filter>소스 파일\Transformation</Filter>
    </ClCompile>
    <ClCompile Include="ModelDrawer.cpp">
      <Filter>소스 파일\Drawer</Filter>
    </ClCompile>
    <ClCompile Include="CubeModel.cpp">
      <Filter>소스 파일\Model\Specific</Filter>
    </ClCompile>
    <ClCompile Include="ModelInterface.cpp">
      <Filter>소스 파일\Model\Specific</Filter>
    </ClCompile>
    <ClCompile Include="ModelOutlineDrawer.cpp">
      <Filter>소스 파일\Drawer</Filter>
    </ClCompile>
    <ClCompile Include="Canvas.cpp">
      <Filter>소스 파일\Canvas</Filter>
    </ClCompile>
  </ItemGroup>
  <ItemGroup>
    <ClInclude Include="ICamera.h">
      <Filter>헤더 파일\Camera</Filter>
    </ClInclude>
    <ClInclude Include="ID3D11Helper.h">
      <Filter>헤더 파일\Utils</Filter>
    </ClInclude>
    <ClInclude Include="EnumVar.h">
      <Filter>헤더 파일\Utils</Filter>
    </ClInclude>
    <ClInclude Include="MathematicalHelper.h">
      <Filter>헤더 파일\Utils</Filter>
    </ClInclude>
    <ClInclude Include="DefineVar.h">
      <Filter>헤더 파일\Utils</Filter>
    </ClInclude>
    <ClInclude Include="PortfolioApp.h">
      <Filter>헤더 파일\Main</Filter>
    </ClInclude>
    <ClInclude Include="BaseApp.h">
      <Filter>헤더 파일\Main</Filter>
    </ClInclude>
    <ClInclude Include="TempVariable.h">
      <Filter>헤더 파일\Utils</Filter>
    </ClInclude>
    <ClInclude Include="FileLoader.h">
      <Filter>헤더 파일\Utils</Filter>
    </ClInclude>
    <ClInclude Include="ILight.h">
      <Filter>헤더 파일\Light</Filter>
    </ClInclude>
    <ClInclude Include="DirectionalLight.h">
      <Filter>헤더 파일\Light</Filter>
    </ClInclude>
    <ClInclude Include="ModelID.h">
      <Filter>헤더 파일\Model</Filter>
    </ClInclude>
    <ClInclude Include="TextureSet.h">
      <Filter>헤더 파일\Model</Filter>
    </ClInclude>
    <ClInclude Include="TODO.h">
      <Filter>소스 파일</Filter>
    </ClInclude>
    <ClInclude Include="DepthStencilState.h">
      <Filter>헤더 파일\Camera</Filter>
    </ClInclude>
    <ClInclude Include="TransformProperties.h">
      <Filter>헤더 파일\Transformation</Filter>
    </ClInclude>
    <ClInclude Include="ModelDrawer.h">
      <Filter>헤더 파일\Drawer</Filter>
    </ClInclude>
    <ClInclude Include="ModelInterface.h">
      <Filter>헤더 파일\Model\Specific</Filter>
    </ClInclude>
    <ClInclude Include="CubeModel.h">
      <Filter>헤더 파일\Model\Specific</Filter>
    </ClInclude>
    <ClInclude Include="ModelOutlineDrawer.h">
      <Filter>헤더 파일\Drawer</Filter>
    </ClInclude>
    <ClInclude Include="Canvas.h">
      <Filter>헤더 파일\Canvas</Filter>
    </ClInclude>
  </ItemGroup>
  <ItemGroup>
    <FxCompile Include="BaseModelVS.hlsl">
      <Filter>Shader</Filter>
    </FxCompile>
    <FxCompile Include="BaseModelPS.hlsl">
      <Filter>Shader</Filter>
    </FxCompile>
    <FxCompile Include="BaseModelHS.hlsl">
      <Filter>Shader</Filter>
    </FxCompile>
    <FxCompile Include="BaseModelDS.hlsl">
      <Filter>Shader</Filter>
    </FxCompile>
    <FxCompile Include="OutlinerPS.hlsl">
      <Filter>Shader</Filter>
    </FxCompile>
  </ItemGroup>
  <ItemGroup>
    <None Include="Common.hlsli">
      <Filter>Shader</Filter>
    </None>
  </ItemGroup>
</Project>