<?xml version="1.0" encoding="utf-8"?>
<Project ToolsVersion="4.0" xmlns="http://schemas.microsoft.com/developer/msbuild/2003">
  <ItemGroup>
    <Filter Include="소스 파일">
      <UniqueIdentifier>{4FC737F1-C7A5-4376-A066-2A32D752A2FF}</UniqueIdentifier>
      <Extensions>cpp;c;cc;cxx;c++;cppm;ixx;def;odl;idl;hpj;bat;asm;asmx</Extensions>
    </Filter>
    <Filter Include="헤더 파일">
      <UniqueIdentifier>{93995380-89BD-4b04-88EB-625FBE52EBFB}</UniqueIdentifier>
      <Extensions>h;hh;hpp;hxx;h++;hm;inl;inc;ipp;xsd</Extensions>
    </Filter>
    <Filter Include="리소스 파일">
      <UniqueIdentifier>{67DA6AB6-F800-4c08-8B7A-83BB121AAD01}</UniqueIdentifier>
      <Extensions>rc;ico;cur;bmp;dlg;rc2;rct;bin;rgs;gif;jpg;jpeg;jpe;resx;tiff;tif;png;wav;mfcribbon-ms</Extensions>
    </Filter>
    <Filter Include="Shader">
      <UniqueIdentifier>{bde71862-5778-4eda-9520-25c4f7886ae3}</UniqueIdentifier>
    </Filter>
    <Filter Include="헤더 파일\Model">
      <UniqueIdentifier>{343ab7e8-d942-493a-b043-e242e70ea209}</UniqueIdentifier>
    </Filter>
    <Filter Include="소스 파일\Camera">
      <UniqueIdentifier>{810fc2d7-bec8-4427-be28-35c68d536ecb}</UniqueIdentifier>
    </Filter>
    <Filter Include="헤더 파일\Camera">
      <UniqueIdentifier>{47ae801e-4006-47d0-ae05-548fa357667e}</UniqueIdentifier>
    </Filter>
    <Filter Include="헤더 파일\Utils">
      <UniqueIdentifier>{01a8406d-c4d9-4975-a5ba-ece06fa4b3bf}</UniqueIdentifier>
    </Filter>
    <Filter Include="소스 파일\Utils">
      <UniqueIdentifier>{ac0113e6-afd1-4f90-9078-03771388cce5}</UniqueIdentifier>
    </Filter>
    <Filter Include="헤더 파일\Main">
      <UniqueIdentifier>{3ff67aee-c3a9-48e7-86c3-d503fcb899aa}</UniqueIdentifier>
    </Filter>
    <Filter Include="소스 파일\Light">
      <UniqueIdentifier>{be82a46f-d4bf-439e-a611-569b584134db}</UniqueIdentifier>
    </Filter>
    <Filter Include="헤더 파일\Light">
      <UniqueIdentifier>{6a94f358-5905-4f1d-a547-9175c299d290}</UniqueIdentifier>
    </Filter>
    <Filter Include="헤더 파일\Transformation">
      <UniqueIdentifier>{e8a96e78-9dbe-404e-8b01-95fdae402aa8}</UniqueIdentifier>
    </Filter>
    <Filter Include="소스 파일\Transformation">
      <UniqueIdentifier>{4605bcec-90f0-4688-ba48-2bbeb6ad0232}</UniqueIdentifier>
    </Filter>
    <Filter Include="소스 파일\Drawer">
      <UniqueIdentifier>{b0cbee6a-71aa-4697-b817-899688bd34f0}</UniqueIdentifier>
    </Filter>
    <Filter Include="헤더 파일\Drawer">
      <UniqueIdentifier>{de2587d0-6c05-413f-a77e-526722e806d9}</UniqueIdentifier>
    </Filter>
    <Filter Include="소스 파일\GUI">
      <UniqueIdentifier>{65dbbfa6-f44f-4154-a853-85c2032c3771}</UniqueIdentifier>
    </Filter>
    <Filter Include="헤더 파일\GUI">
      <UniqueIdentifier>{3c9f599d-965d-47f1-8f92-64a5d3452d35}</UniqueIdentifier>
    </Filter>
    <Filter Include="소스 파일\Camera\Specific">
      <UniqueIdentifier>{0382e59d-7599-4f0f-878f-2d64f7c09a51}</UniqueIdentifier>
    </Filter>
    <Filter Include="헤더 파일\Camera\Specific">
      <UniqueIdentifier>{39527639-b1d5-4a56-8187-944ec67a8ea1}</UniqueIdentifier>
    </Filter>
    <Filter Include="소스 파일\PostProcess">
      <UniqueIdentifier>{f8d0fb8d-8a7f-49c7-904b-70c3ff9b7f62}</UniqueIdentifier>
    </Filter>
    <Filter Include="헤더 파일\PostProcess">
      <UniqueIdentifier>{69b7ad86-c895-49e5-8603-fef065d91e88}</UniqueIdentifier>
    </Filter>
    <Filter Include="소스 파일\PostProcess\Filter">
      <UniqueIdentifier>{ed34881b-41e4-4b63-8f18-5aed44dbaeb6}</UniqueIdentifier>
    </Filter>
    <Filter Include="헤더 파일\PostProcess\Filter">
      <UniqueIdentifier>{d6dfd2d6-e0d4-440c-8b9d-013de5c8ea64}</UniqueIdentifier>
    </Filter>
    <Filter Include="Shader\BaseModel">
      <UniqueIdentifier>{e4303043-0bfc-4ef5-816d-e88dbdd6e590}</UniqueIdentifier>
    </Filter>
    <Filter Include="Shader\NormalVector">
      <UniqueIdentifier>{a56136f3-5e57-4e3a-a6b8-1e7a51cc2d24}</UniqueIdentifier>
    </Filter>
    <Filter Include="Shader\Filter">
      <UniqueIdentifier>{628d7f14-5c0a-4934-9375-e9bdc4d47c63}</UniqueIdentifier>
    </Filter>
    <Filter Include="소스 파일\PostProcess\Filter\Specific">
      <UniqueIdentifier>{2bc18e99-a82c-43dc-a42e-993178ea565e}</UniqueIdentifier>
    </Filter>
    <Filter Include="Shader\Filter\Bloom">
      <UniqueIdentifier>{85855bf3-84d7-43c1-b152-13163a65aa7c}</UniqueIdentifier>
    </Filter>
    <Filter Include="Shader\Filter\Blend">
      <UniqueIdentifier>{047885f1-290f-4ba6-8043-2adf3023295c}</UniqueIdentifier>
    </Filter>
    <Filter Include="헤더 파일\PostProcess\Filter\Specific">
      <UniqueIdentifier>{78f7ebd9-b5dc-461e-86c9-ded6059452b1}</UniqueIdentifier>
    </Filter>
    <Filter Include="소스 파일\GUI\Extended">
      <UniqueIdentifier>{5885205d-22ed-4e27-ac0a-8257ea0d9c3c}</UniqueIdentifier>
    </Filter>
    <Filter Include="헤더 파일\GUI\Extended">
      <UniqueIdentifier>{cf7849a6-a68c-4de9-9cc9-89809e0c4545}</UniqueIdentifier>
    </Filter>
    <Filter Include="소스 파일\Files">
      <UniqueIdentifier>{f8676696-34c6-46ad-b3a2-4e2b6122146b}</UniqueIdentifier>
    </Filter>
    <Filter Include="헤더 파일\Files">
      <UniqueIdentifier>{3df608cf-08bd-4066-9428-6cf24490b8c1}</UniqueIdentifier>
    </Filter>
    <Filter Include="헤더 파일\Files\Specific">
      <UniqueIdentifier>{c15be7b5-0dd0-494a-bfd1-b475cd7d506b}</UniqueIdentifier>
    </Filter>
    <Filter Include="소스 파일\Files\Specific">
      <UniqueIdentifier>{097b653a-e56d-4678-83d5-f245cc972250}</UniqueIdentifier>
    </Filter>
    <Filter Include="소스 파일\Main">
      <UniqueIdentifier>{0505c04a-655b-4531-a921-1d69aa6249e7}</UniqueIdentifier>
    </Filter>
    <Filter Include="헤더 파일\Model\Object">
      <UniqueIdentifier>{8b30c530-f43e-4aae-95fb-f08b660e02e5}</UniqueIdentifier>
    </Filter>
    <Filter Include="헤더 파일\Model\CubeMap">
      <UniqueIdentifier>{0b41cae1-53cd-48dd-9d23-5038530dfb18}</UniqueIdentifier>
    </Filter>
    <Filter Include="헤더 파일\Model\Object\Extended">
      <UniqueIdentifier>{9da587ed-81ef-4e45-8e52-51aca6caa54d}</UniqueIdentifier>
    </Filter>
    <Filter Include="Shader\CubeMap">
      <UniqueIdentifier>{fa0a3d4c-91c5-486e-ad40-97edf521aee5}</UniqueIdentifier>
    </Filter>
    <Filter Include="헤더 파일\Drawer\ObjectDrawer">
      <UniqueIdentifier>{4604a28c-c92b-4c06-a3b0-1e5df58fa4ab}</UniqueIdentifier>
    </Filter>
    <Filter Include="헤더 파일\Drawer\ObjectDrawer\Extended">
      <UniqueIdentifier>{64efa572-e436-4336-954b-9c617686a800}</UniqueIdentifier>
    </Filter>
    <Filter Include="헤더 파일\Drawer\CubeMapDrawer">
      <UniqueIdentifier>{d75b5e54-61c4-4420-9d66-1a50a2ef8a06}</UniqueIdentifier>
    </Filter>
    <Filter Include="소스 파일\Drawer\ObjectDrawer">
      <UniqueIdentifier>{8d29850b-7e46-49ed-8e50-6ba57353cc53}</UniqueIdentifier>
    </Filter>
    <Filter Include="소스 파일\Drawer\ObjectDrawer\Extended">
      <UniqueIdentifier>{8d0453ac-04cf-4785-ac56-128487989328}</UniqueIdentifier>
    </Filter>
    <Filter Include="소스 파일\Drawer\NonLightDrawer">
      <UniqueIdentifier>{d37d8de6-8ee6-422d-8850-d3544ea1f9c6}</UniqueIdentifier>
    </Filter>
    <Filter Include="소스 파일\Drawer\NonLightDrawer\Extneded">
      <UniqueIdentifier>{4c0b78fa-52ef-4a8d-8d67-a80ce6aa4ca7}</UniqueIdentifier>
    </Filter>
    <Filter Include="헤더 파일\Drawer\NonLightDrawer">
      <UniqueIdentifier>{135745c0-bb35-40fd-92f4-8b1c76ddc69f}</UniqueIdentifier>
    </Filter>
    <Filter Include="헤더 파일\Drawer\NonLightDrawer\Extended">
      <UniqueIdentifier>{8fab31b1-788b-4452-88b1-0410344a70b6}</UniqueIdentifier>
    </Filter>
    <Filter Include="헤더 파일\Model\Mirror">
      <UniqueIdentifier>{c953dbf6-27cb-4a77-a783-3c313569144e}</UniqueIdentifier>
    </Filter>
    <Filter Include="소스 파일\Model">
      <UniqueIdentifier>{56867d9a-ae4a-41a6-8bc9-2c0570418237}</UniqueIdentifier>
    </Filter>
    <Filter Include="소스 파일\Model\Object">
      <UniqueIdentifier>{25482c32-cffa-4bb4-bdd8-4b17ccddbbb4}</UniqueIdentifier>
    </Filter>
    <Filter Include="소스 파일\Model\Object\Extended">
      <UniqueIdentifier>{2f5b774f-21dd-4323-aefc-369cf6718d92}</UniqueIdentifier>
    </Filter>
    <Filter Include="소스 파일\Model\CubeMap">
      <UniqueIdentifier>{f4cb0c6c-6922-4df7-90ef-9c1bf2b0a3ce}</UniqueIdentifier>
    </Filter>
    <Filter Include="소스 파일\Model\Mirror">
      <UniqueIdentifier>{589fb263-11d8-4de5-95a9-1d302288f171}</UniqueIdentifier>
    </Filter>
  </ItemGroup>
  <ItemGroup>
    <ClCompile Include="ID3D11Helper.cpp">
      <Filter>소스 파일\Utils</Filter>
    </ClCompile>
    <ClCompile Include="MathematicalHelper.cpp">
      <Filter>소스 파일\Utils</Filter>
    </ClCompile>
    <ClCompile Include="main.cpp">
      <Filter>소스 파일\Main</Filter>
    </ClCompile>
    <ClCompile Include="PortfolioApp.cpp">
      <Filter>소스 파일\Main</Filter>
    </ClCompile>
    <ClCompile Include="BaseApp.cpp">
      <Filter>소스 파일\Main</Filter>
    </ClCompile>
    <ClCompile Include="TempVariable.cpp">
      <Filter>소스 파일\Utils</Filter>
    </ClCompile>
    <ClCompile Include="ModelID.cpp">
      <Filter>소스 파일\Model</Filter>
    </ClCompile>
    <ClCompile Include="TransformProperties.cpp">
      <Filter>소스 파일\Transformation</Filter>
    </ClCompile>
    <ClCompile Include="DrawerInterface.cpp">
      <Filter>소스 파일\Drawer</Filter>
    </ClCompile>
    <ClCompile Include="LightManager.cpp">
      <Filter>소스 파일\Light</Filter>
    </ClCompile>
    <ClCompile Include="DepthStencilState.cpp">
      <Filter>소스 파일\Utils</Filter>
    </ClCompile>
    <ClCompile Include="ModelManageGui.cpp">
      <Filter>소스 파일\GUI</Filter>
    </ClCompile>
    <ClCompile Include="LightManageGui.cpp">
      <Filter>소스 파일\GUI</Filter>
    </ClCompile>
    <ClCompile Include="FileManageGui.cpp">
      <Filter>소스 파일\GUI</Filter>
    </ClCompile>
    <ClCompile Include="ManageGuiInterface.cpp">
      <Filter>소스 파일\GUI</Filter>
    </ClCompile>
    <ClCompile Include="SettingManageGui.cpp">
      <Filter>소스 파일\GUI</Filter>
    </ClCompile>
    <ClCompile Include="CameraNormal.cpp">
      <Filter>소스 파일\Camera\Specific</Filter>
    </ClCompile>
    <ClCompile Include="CameraInterface.cpp">
      <Filter>소스 파일\Camera</Filter>
    </ClCompile>
    <ClCompile Include="PostProcess.cpp">
      <Filter>소스 파일\PostProcess</Filter>
    </ClCompile>
    <ClCompile Include="BloomFilter.cpp">
      <Filter>소스 파일\PostProcess\Filter\Specific</Filter>
    </ClCompile>
    <ClCompile Include="BlendFilter.cpp">
      <Filter>소스 파일\PostProcess\Filter\Specific</Filter>
    </ClCompile>
    <ClCompile Include="CameraManageGui.cpp">
      <Filter>소스 파일\GUI</Filter>
    </ClCompile>
    <ClCompile Include="BlendFilterInterface.cpp">
      <Filter>소스 파일\PostProcess\Filter</Filter>
    </ClCompile>
    <ClCompile Include="FilterInterface.cpp">
      <Filter>소스 파일\PostProcess\Filter</Filter>
    </ClCompile>
    <ClCompile Include="SingleFilterInterface.cpp">
      <Filter>소스 파일\PostProcess\Filter</Filter>
    </ClCompile>
    <ClCompile Include="FileLoader.cpp">
      <Filter>소스 파일\Files</Filter>
    </ClCompile>
    <ClCompile Include="FileInterface.cpp">
      <Filter>소스 파일\Files</Filter>
    </ClCompile>
    <ClCompile Include="ModelTextureFile.cpp">
      <Filter>소스 파일\Files\Specific</Filter>
    </ClCompile>
    <ClCompile Include="UnknownFile.cpp">
      <Filter>소스 파일\Files\Specific</Filter>
    </ClCompile>
    <ClCompile Include="ImGuiFileDialog.cpp">
      <Filter>소스 파일\GUI\Extended</Filter>
    </ClCompile>
    <ClCompile Include="CameraInfo.cpp">
      <Filter>소스 파일\Camera\Specific</Filter>
    </ClCompile>
    <ClCompile Include="Filter.cpp">
      <Filter>소스 파일</Filter>
    </ClCompile>
    <ClCompile Include="DDSFile.cpp">
      <Filter>소스 파일\Files\Specific</Filter>
    </ClCompile>
    <ClCompile Include="ModelInterface.cpp">
      <Filter>소스 파일\Model</Filter>
    </ClCompile>
    <ClCompile Include="ObjectModel.cpp">
      <Filter>소스 파일\Model\Object</Filter>
    </ClCompile>
    <ClCompile Include="SphereModel.cpp">
      <Filter>소스 파일\Model\Object\Extended</Filter>
    </ClCompile>
    <ClCompile Include="SquareModel.cpp">
      <Filter>소스 파일\Model\Object\Extended</Filter>
    </ClCompile>
    <ClCompile Include="CubeMapModel.cpp">
      <Filter>소스 파일\Model\CubeMap</Filter>
    </ClCompile>
    <ClCompile Include="ObjectDrawer.cpp">
      <Filter>소스 파일\Drawer\ObjectDrawer</Filter>
    </ClCompile>
    <ClCompile Include="BaseModelDrawer.cpp">
      <Filter>소스 파일\Drawer\ObjectDrawer\Extended</Filter>
    </ClCompile>
    <ClCompile Include="ModelOutlineDrawer.cpp">
      <Filter>소스 파일\Drawer\NonLightDrawer\Extneded</Filter>
    </ClCompile>
    <ClCompile Include="NormalVectorDrawer.cpp">
      <Filter>소스 파일\Drawer\NonLightDrawer\Extneded</Filter>
    </ClCompile>
    <ClCompile Include="NonLightDrawer.cpp">
      <Filter>소스 파일\Drawer\NonLightDrawer</Filter>
    </ClCompile>
    <ClCompile Include="CubeMapDrawer.cpp">
      <Filter>소스 파일\Drawer\NonLightDrawer\Extneded</Filter>
    </ClCompile>
    <ClCompile Include="MirrorModel.cpp">
      <Filter>소스 파일\Model\Mirror</Filter>
    </ClCompile>
    <ClCompile Include="PickableModel.cpp">
      <Filter>소스 파일\Model</Filter>
    </ClCompile>
  </ItemGroup>
  <ItemGroup>
    <ClInclude Include="ID3D11Helper.h">
      <Filter>헤더 파일\Utils</Filter>
    </ClInclude>
    <ClInclude Include="MathematicalHelper.h">
      <Filter>헤더 파일\Utils</Filter>
    </ClInclude>
    <ClInclude Include="DefineVar.h">
      <Filter>헤더 파일\Utils</Filter>
    </ClInclude>
    <ClInclude Include="PortfolioApp.h">
      <Filter>헤더 파일\Main</Filter>
    </ClInclude>
    <ClInclude Include="BaseApp.h">
      <Filter>헤더 파일\Main</Filter>
    </ClInclude>
    <ClInclude Include="TempVariable.h">
      <Filter>헤더 파일\Utils</Filter>
    </ClInclude>
    <ClInclude Include="ModelID.h">
      <Filter>헤더 파일\Model</Filter>
    </ClInclude>
    <ClInclude Include="TODO.h">
      <Filter>소스 파일</Filter>
    </ClInclude>
    <ClInclude Include="DepthStencilState.h">
      <Filter>헤더 파일\Camera</Filter>
    </ClInclude>
    <ClInclude Include="TransformProperties.h">
      <Filter>헤더 파일\Transformation</Filter>
    </ClInclude>
    <ClInclude Include="SphereModel.h">
      <Filter>헤더 파일\Model\Object\Extended</Filter>
    </ClInclude>
    <ClInclude Include="DrawerInterface.h">
      <Filter>헤더 파일\Drawer</Filter>
    </ClInclude>
    <ClInclude Include="LightManager.h">
      <Filter>헤더 파일\Light</Filter>
    </ClInclude>
    <ClInclude Include="LightManageGui.h">
      <Filter>헤더 파일\GUI</Filter>
    </ClInclude>
    <ClInclude Include="ModelManageGui.h">
      <Filter>헤더 파일\GUI</Filter>
    </ClInclude>
    <ClInclude Include="SquareModel.h">
      <Filter>헤더 파일\Model\Object\Extended</Filter>
    </ClInclude>
    <ClInclude Include="ManageGuiInterface.h">
      <Filter>헤더 파일\GUI</Filter>
    </ClInclude>
    <ClInclude Include="SettingManageGui.h">
      <Filter>헤더 파일\GUI</Filter>
    </ClInclude>
    <ClInclude Include="CameraNormal.h">
      <Filter>헤더 파일\Camera\Specific</Filter>
    </ClInclude>
    <ClInclude Include="CameraInfo.h">
      <Filter>헤더 파일\Camera</Filter>
    </ClInclude>
    <ClInclude Include="CameraInterface.h">
      <Filter>헤더 파일\Camera</Filter>
    </ClInclude>
    <ClInclude Include="PostProcess.h">
      <Filter>헤더 파일\PostProcess</Filter>
    </ClInclude>
    <ClInclude Include="ModelStruct.h">
      <Filter>헤더 파일\Model</Filter>
    </ClInclude>
    <ClInclude Include="CameraManageGui.h">
      <Filter>헤더 파일\GUI</Filter>
    </ClInclude>
    <ClInclude Include="BlendFilterInterface.h">
      <Filter>헤더 파일\PostProcess\Filter</Filter>
    </ClInclude>
    <ClInclude Include="BloomFilter.h">
      <Filter>헤더 파일\PostProcess\Filter\Specific</Filter>
    </ClInclude>
    <ClInclude Include="BlendFilter.h">
      <Filter>헤더 파일\PostProcess\Filter\Specific</Filter>
    </ClInclude>
    <ClInclude Include="FilterInterface.h">
      <Filter>헤더 파일\PostProcess\Filter</Filter>
    </ClInclude>
    <ClInclude Include="SingleFilterInterface.h">
      <Filter>헤더 파일\PostProcess\Filter</Filter>
    </ClInclude>
    <ClInclude Include="FileLoader.h">
      <Filter>헤더 파일\Files</Filter>
    </ClInclude>
    <ClInclude Include="FileManageGui.h">
      <Filter>헤더 파일\GUI</Filter>
    </ClInclude>
    <ClInclude Include="FileInterface.h">
      <Filter>헤더 파일\Files</Filter>
    </ClInclude>
    <ClInclude Include="ModelTextureFile.h">
      <Filter>헤더 파일\Files\Specific</Filter>
    </ClInclude>
    <ClInclude Include="UnknownFile.h">
      <Filter>헤더 파일\Files\Specific</Filter>
    </ClInclude>
    <ClInclude Include="ImGuiFileDialog.h">
      <Filter>헤더 파일\GUI\Extended</Filter>
    </ClInclude>
    <ClInclude Include="ImGuiFileDialogConfig.h">
      <Filter>헤더 파일\GUI\Extended</Filter>
    </ClInclude>
    <ClInclude Include="Filter.h">
      <Filter>헤더 파일</Filter>
    </ClInclude>
    <ClInclude Include="DDSFile.h">
      <Filter>헤더 파일\Files\Specific</Filter>
    </ClInclude>
    <ClInclude Include="ModelInterface.h">
      <Filter>헤더 파일\Model</Filter>
    </ClInclude>
    <ClInclude Include="ObjectModel.h">
      <Filter>헤더 파일\Model\Object</Filter>
    </ClInclude>
    <ClInclude Include="ObjectDrawer.h">
      <Filter>헤더 파일\Drawer\ObjectDrawer</Filter>
    </ClInclude>
    <ClInclude Include="BaseModelDrawer.h">
      <Filter>헤더 파일\Drawer\ObjectDrawer\Extended</Filter>
    </ClInclude>
    <ClInclude Include="ModelOutlineDrawer.h">
      <Filter>헤더 파일\Drawer\NonLightDrawer\Extended</Filter>
    </ClInclude>
    <ClInclude Include="NormalVectorDrawer.h">
      <Filter>헤더 파일\Drawer\NonLightDrawer\Extended</Filter>
    </ClInclude>
    <ClInclude Include="CubeMapDrawer.h">
      <Filter>헤더 파일\Drawer\CubeMapDrawer</Filter>
    </ClInclude>
    <ClInclude Include="NonLightDrawer.h">
      <Filter>헤더 파일\Drawer\NonLightDrawer</Filter>
    </ClInclude>
    <ClInclude Include="ShaderTypeEnum.h">
      <Filter>Shader</Filter>
    </ClInclude>
    <ClInclude Include="CubeMapModel.h">
      <Filter>헤더 파일\Model\CubeMap</Filter>
    </ClInclude>
    <ClInclude Include="MirrorModel.h">
      <Filter>헤더 파일\Model\Mirror</Filter>
    </ClInclude>
    <ClInclude Include="PickableModel.h">
      <Filter>헤더 파일\Model</Filter>
    </ClInclude>
  </ItemGroup>
  <ItemGroup>
    <FxCompile Include="BaseModelDS.hlsl">
      <Filter>Shader\BaseModel</Filter>
    </FxCompile>
    <FxCompile Include="BaseModelHS.hlsl">
      <Filter>Shader\BaseModel</Filter>
    </FxCompile>
    <FxCompile Include="BaseModelPS.hlsl">
      <Filter>Shader\BaseModel</Filter>
    </FxCompile>
    <FxCompile Include="BaseModelVS.hlsl">
      <Filter>Shader\BaseModel</Filter>
    </FxCompile>
    <FxCompile Include="NormalVectorGS.hlsl">
      <Filter>Shader\NormalVector</Filter>
    </FxCompile>
    <FxCompile Include="NormalVectorPS.hlsl">
      <Filter>Shader\NormalVector</Filter>
    </FxCompile>
    <FxCompile Include="FilterVS.hlsl">
      <Filter>Shader\Filter</Filter>
    </FxCompile>
    <FxCompile Include="BloomPS.hlsl">
      <Filter>Shader\Filter\Bloom</Filter>
    </FxCompile>
    <FxCompile Include="BlendPS.hlsl">
      <Filter>Shader\Filter\Blend</Filter>
    </FxCompile>
    <FxCompile Include="OutlinerPS.hlsl">
      <Filter>Shader\BaseModel</Filter>
    </FxCompile>
    <FxCompile Include="CubeMapVS.hlsl">
      <Filter>Shader\CubeMap</Filter>
    </FxCompile>
    <FxCompile Include="CubeMapPS.hlsl">
      <Filter>Shader\CubeMap</Filter>
    </FxCompile>
  </ItemGroup>
  <ItemGroup>
    <None Include="Common.hlsli">
      <Filter>Shader</Filter>
    </None>
    <None Include="NormalVectorShaderType.hlsli">
      <Filter>Shader\NormalVector</Filter>
    </None>
    <None Include="CubeMapType.hlsli">
      <Filter>Shader\CubeMap</Filter>
    </None>
    <None Include="BrdfFunction.hlsli">
      <Filter>Shader\BaseModel</Filter>
    </None>
  </ItemGroup>
</Project>