<?xml version="1.0" encoding="utf-8"?>
<Project ToolsVersion="4.0" xmlns="http://schemas.microsoft.com/developer/msbuild/2003">
  <ItemGroup>
    <Filter Include="소스 파일">
      <UniqueIdentifier>{4FC737F1-C7A5-4376-A066-2A32D752A2FF}</UniqueIdentifier>
      <Extensions>cpp;c;cc;cxx;c++;cppm;ixx;def;odl;idl;hpj;bat;asm;asmx</Extensions>
    </Filter>
    <Filter Include="헤더 파일">
      <UniqueIdentifier>{93995380-89BD-4b04-88EB-625FBE52EBFB}</UniqueIdentifier>
      <Extensions>h;hh;hpp;hxx;h++;hm;inl;inc;ipp;xsd</Extensions>
    </Filter>
    <Filter Include="리소스 파일">
      <UniqueIdentifier>{67DA6AB6-F800-4c08-8B7A-83BB121AAD01}</UniqueIdentifier>
      <Extensions>rc;ico;cur;bmp;dlg;rc2;rct;bin;rgs;gif;jpg;jpeg;jpe;resx;tiff;tif;png;wav;mfcribbon-ms</Extensions>
    </Filter>
    <Filter Include="소스 파일\Model">
      <UniqueIdentifier>{e094f8df-6504-4841-b99a-5aba5bb0b026}</UniqueIdentifier>
    </Filter>
    <Filter Include="헤더 파일\Model">
      <UniqueIdentifier>{dbd10f0d-a2d8-4f97-82d7-ab48dc4582ce}</UniqueIdentifier>
    </Filter>
    <Filter Include="소스 파일\Texture2D">
      <UniqueIdentifier>{4ab9d611-8253-4e48-b0b5-89d0ad5dcf5a}</UniqueIdentifier>
    </Filter>
    <Filter Include="소스 파일\Utils">
      <UniqueIdentifier>{087132cc-90b9-4958-8b25-0c8b8edc732d}</UniqueIdentifier>
    </Filter>
    <Filter Include="헤더 파일\Texture2D">
      <UniqueIdentifier>{00f15671-9d2d-4e25-9728-f17ea0eb6b7f}</UniqueIdentifier>
    </Filter>
    <Filter Include="헤더 파일\Utils">
      <UniqueIdentifier>{58f8cb82-e966-481e-9933-ff201815d05f}</UniqueIdentifier>
    </Filter>
    <Filter Include="소스 파일\File">
      <UniqueIdentifier>{3ee554cd-e489-4738-b34e-5dcb6057c305}</UniqueIdentifier>
    </Filter>
    <Filter Include="헤더 파일\File">
      <UniqueIdentifier>{e7b4b086-cb9c-4ce4-8a99-47929dcd5d35}</UniqueIdentifier>
    </Filter>
    <Filter Include="소스 파일\File\Extended">
      <UniqueIdentifier>{2489e3c0-d145-4bc4-8863-6baba5646df1}</UniqueIdentifier>
    </Filter>
    <Filter Include="헤더 파일\File\Extended">
      <UniqueIdentifier>{5fc0424f-d7fb-4a7d-a84a-3079e4fd5ea7}</UniqueIdentifier>
    </Filter>
    <Filter Include="Shader">
      <UniqueIdentifier>{2a2334f3-bf48-4e07-849c-5795f0e8ef8a}</UniqueIdentifier>
    </Filter>
    <Filter Include="Shader\Filter">
      <UniqueIdentifier>{f199a239-e11c-4e4b-9818-1c66a4e0154a}</UniqueIdentifier>
    </Filter>
    <Filter Include="소스 파일\Viewable">
      <UniqueIdentifier>{5ad55888-c7ff-4ceb-a9d8-40c3b6884c2a}</UniqueIdentifier>
    </Filter>
    <Filter Include="소스 파일\Viewable\Light">
      <UniqueIdentifier>{e273aa0d-df5b-4571-b587-17078ba284e4}</UniqueIdentifier>
    </Filter>
    <Filter Include="소스 파일\Viewable\Light\Extended">
      <UniqueIdentifier>{1f063672-3a76-41b1-9616-7eb202ff3d2f}</UniqueIdentifier>
    </Filter>
    <Filter Include="소스 파일\Viewable\Camera">
      <UniqueIdentifier>{48c4b68d-0122-4b12-bfaf-18d80780f955}</UniqueIdentifier>
    </Filter>
    <Filter Include="소스 파일\Viewable\Camera\Extended">
      <UniqueIdentifier>{b0dc9273-53ca-464e-81dd-56e71b637cec}</UniqueIdentifier>
    </Filter>
    <Filter Include="소스 파일\Model\PBR">
      <UniqueIdentifier>{0c67cf94-e0cd-49d3-9124-f656a7966ad8}</UniqueIdentifier>
    </Filter>
    <Filter Include="소스 파일\Model\PBR\Extended">
      <UniqueIdentifier>{d23da7d2-5505-4387-81f3-1556d3ebc0c8}</UniqueIdentifier>
    </Filter>
    <Filter Include="소스 파일\Base">
      <UniqueIdentifier>{fd7625c0-c836-42dd-bba5-f4d6901afd62}</UniqueIdentifier>
    </Filter>
    <Filter Include="헤더 파일\Base">
      <UniqueIdentifier>{7c011e25-acc7-43ff-ad5d-118e08c0ff2f}</UniqueIdentifier>
    </Filter>
    <Filter Include="헤더 파일\Viewable">
      <UniqueIdentifier>{8bc504b1-37dc-4710-81c8-e5efe90e0ba6}</UniqueIdentifier>
    </Filter>
    <Filter Include="헤더 파일\Viewable\Light">
      <UniqueIdentifier>{00902773-6854-4a13-a845-a63496334ac5}</UniqueIdentifier>
    </Filter>
    <Filter Include="헤더 파일\Viewable\Light\Extended">
      <UniqueIdentifier>{49126e72-1582-4a46-8683-34b4fa7889a4}</UniqueIdentifier>
    </Filter>
    <Filter Include="헤더 파일\Viewable\Camera">
      <UniqueIdentifier>{c4d9c025-6a27-40e2-b81c-f20b7a1dad58}</UniqueIdentifier>
    </Filter>
    <Filter Include="헤더 파일\Viewable\Camera\Extended">
      <UniqueIdentifier>{bb1a46be-3e93-44bf-ab9c-80459a216d38}</UniqueIdentifier>
    </Filter>
    <Filter Include="소스 파일\GUI">
      <UniqueIdentifier>{418547eb-a3ce-435d-8c78-f08dccfd1b50}</UniqueIdentifier>
    </Filter>
    <Filter Include="헤더 파일\GUI">
      <UniqueIdentifier>{8acf11eb-96bb-40b6-9ced-fca5ee998ffc}</UniqueIdentifier>
    </Filter>
    <Filter Include="헤더 파일\Model\PBR">
      <UniqueIdentifier>{674cc944-26ea-4edc-980a-dcb80571a1c4}</UniqueIdentifier>
    </Filter>
    <Filter Include="헤더 파일\Model\PBR\Extended">
      <UniqueIdentifier>{04e62b96-fbe1-4b8b-97eb-5b3178b808e6}</UniqueIdentifier>
    </Filter>
    <Filter Include="소스 파일\GUI\Extended">
      <UniqueIdentifier>{a3eb3afe-2954-4708-82e9-6a8e12003ff8}</UniqueIdentifier>
    </Filter>
    <Filter Include="헤더 파일\GUI\Extended">
      <UniqueIdentifier>{b084a5a0-c95d-46e0-8206-2c49ee734262}</UniqueIdentifier>
    </Filter>
    <Filter Include="소스 파일\Renderer">
      <UniqueIdentifier>{e422ef01-8ba8-4d4e-9a24-fac266c5ae4d}</UniqueIdentifier>
    </Filter>
    <Filter Include="헤더 파일\Renderer">
      <UniqueIdentifier>{c27c3d6a-0893-4142-a6fd-9e68385320f7}</UniqueIdentifier>
    </Filter>
    <Filter Include="헤더 파일\Renderer\Extended">
      <UniqueIdentifier>{4de72885-b08c-443e-8487-ec033af3ffe1}</UniqueIdentifier>
    </Filter>
    <Filter Include="소스 파일\Renderer\Extended">
      <UniqueIdentifier>{e64e1940-cf6a-4ed5-ba81-f961d928e032}</UniqueIdentifier>
    </Filter>
    <Filter Include="Shader\PBRModel">
      <UniqueIdentifier>{36172d08-d571-4974-be87-1645c123ca2e}</UniqueIdentifier>
    </Filter>
    <Filter Include="Shader\IBL">
      <UniqueIdentifier>{339153a1-ca76-46b1-bdf6-e259e987e9ac}</UniqueIdentifier>
    </Filter>
    <Filter Include="Shader\DebugHelper">
      <UniqueIdentifier>{0913e968-4e73-429d-aeba-4d8131a6dbea}</UniqueIdentifier>
    </Filter>
    <Filter Include="Shader\Include">
      <UniqueIdentifier>{5ed0a9a9-3e48-4c68-aebc-fb0572a6b49f}</UniqueIdentifier>
    </Filter>
    <Filter Include="소스 파일\GUI\Extended\Stage">
      <UniqueIdentifier>{96bdc20b-90fd-4166-8644-686ed23e3006}</UniqueIdentifier>
    </Filter>
    <Filter Include="헤더 파일\GUI\Extended\Stage">
      <UniqueIdentifier>{125eb9df-eafa-450b-acbb-b056b47d4db1}</UniqueIdentifier>
    </Filter>
    <Filter Include="헤더 파일\Texture2D\Filter">
      <UniqueIdentifier>{a2cd1a36-b049-4b26-95b2-eb212e32fa7d}</UniqueIdentifier>
    </Filter>
    <Filter Include="헤더 파일\Texture2D\Filter\Extended">
      <UniqueIdentifier>{16bea631-9948-478a-9422-b4e62d4bf269}</UniqueIdentifier>
    </Filter>
    <Filter Include="소스 파일\Texture2D\Filter">
      <UniqueIdentifier>{bd9064d5-8f12-4486-a5f5-80f78241bb97}</UniqueIdentifier>
    </Filter>
    <Filter Include="소스 파일\Texture2D\Filter\Extended">
      <UniqueIdentifier>{c29f0bb3-8718-44dd-9535-10e8aebc69c7}</UniqueIdentifier>
    </Filter>
    <Filter Include="소스 파일\Shader">
      <UniqueIdentifier>{b25ef745-bcdb-4c80-850a-bf6196c5f5c7}</UniqueIdentifier>
    </Filter>
    <Filter Include="헤더 파일\Shader">
      <UniqueIdentifier>{ffb9fe0d-a1b0-4688-8234-0983ba84fe79}</UniqueIdentifier>
    </Filter>
    <Filter Include="헤더 파일\Shader\Extended">
      <UniqueIdentifier>{12931a71-69ce-4f2a-9dde-d43ffb81aaa1}</UniqueIdentifier>
    </Filter>
    <Filter Include="헤더 파일\Shader\Extended\Geometry">
      <UniqueIdentifier>{c6689add-5b20-4d01-86d4-1987d98ce6e4}</UniqueIdentifier>
    </Filter>
    <Filter Include="소스 파일\Shader\Extended">
      <UniqueIdentifier>{0550780d-070d-48a1-a561-99b7c52980ee}</UniqueIdentifier>
    </Filter>
    <Filter Include="소스 파일\Shader\Extended\Vertex">
      <UniqueIdentifier>{458dadd7-140d-4a29-a6db-3ebc0eea387e}</UniqueIdentifier>
    </Filter>
    <Filter Include="소스 파일\Shader\Extended\Pixel">
      <UniqueIdentifier>{b7a8b9d7-cb62-4a3c-b5db-b01cb85f44ce}</UniqueIdentifier>
    </Filter>
    <Filter Include="소스 파일\Shader\Extended\Geometry">
      <UniqueIdentifier>{895457cb-e3db-4805-abe5-6cd86c667622}</UniqueIdentifier>
    </Filter>
    <Filter Include="헤더 파일\Shader\Extended\Vertex">
      <UniqueIdentifier>{81687c77-1a41-40b7-b39c-854c68da6919}</UniqueIdentifier>
    </Filter>
    <Filter Include="헤더 파일\Shader\Extended\Domain">
      <UniqueIdentifier>{ad56993b-147e-434a-838e-722e4c6cfb4a}</UniqueIdentifier>
    </Filter>
    <Filter Include="헤더 파일\Shader\Extended\Hull">
      <UniqueIdentifier>{82e28cb9-8a61-47c2-afee-ffe6923ecbbf}</UniqueIdentifier>
    </Filter>
    <Filter Include="헤더 파일\Shader\Extended\Pixel">
      <UniqueIdentifier>{a8a133df-0924-4a70-9d59-6e921cb79b50}</UniqueIdentifier>
    </Filter>
    <Filter Include="소스 파일\Shader\Extended\Domain">
      <UniqueIdentifier>{cbc0f798-8c1c-4fb1-b2a8-cf195b6f9e8d}</UniqueIdentifier>
    </Filter>
    <Filter Include="소스 파일\Shader\Extended\Hull">
      <UniqueIdentifier>{b71972af-2380-435b-bfc1-8dc8d68c2d05}</UniqueIdentifier>
    </Filter>
    <Filter Include="헤더 파일\Shader\Extended\Compute">
      <UniqueIdentifier>{e78a9fa5-6ea1-4c26-850d-138206724a94}</UniqueIdentifier>
    </Filter>
    <Filter Include="소스 파일\Shader\Extended\Compute">
      <UniqueIdentifier>{e55f5f62-d3b4-4e88-8d7b-0053926ccd32}</UniqueIdentifier>
    </Filter>
  </ItemGroup>
  <ItemGroup>
    <ClInclude Include="BaseApp.h">
      <Filter>헤더 파일</Filter>
    </ClInclude>
    <ClInclude Include="PortfolioApp.h">
      <Filter>헤더 파일</Filter>
    </ClInclude>
    <ClInclude Include="IMesh.h">
      <Filter>헤더 파일\Model</Filter>
    </ClInclude>
    <ClInclude Include="APossessable.h">
      <Filter>헤더 파일\Base</Filter>
    </ClInclude>
    <ClInclude Include="ACamera.h">
      <Filter>헤더 파일\Viewable\Camera</Filter>
    </ClInclude>
    <ClInclude Include="Console.h">
      <Filter>헤더 파일\Utils</Filter>
    </ClInclude>
    <ClInclude Include="DefineVar.h">
      <Filter>헤더 파일\Utils</Filter>
    </ClInclude>
    <ClInclude Include="ID3D11Helper.h">
      <Filter>헤더 파일\Utils</Filter>
    </ClInclude>
    <ClInclude Include="MathematicalHelper.h">
      <Filter>헤더 파일\Utils</Filter>
    </ClInclude>
    <ClInclude Include="IFile.h">
      <Filter>헤더 파일\File</Filter>
    </ClInclude>
    <ClInclude Include="FileLoader.h">
      <Filter>헤더 파일\Utils</Filter>
    </ClInclude>
    <ClInclude Include="PickableCamera.h">
      <Filter>헤더 파일\Viewable\Camera\Extended</Filter>
    </ClInclude>
    <ClInclude Include="FilteredCamera.h">
      <Filter>헤더 파일\Viewable\Camera</Filter>
    </ClInclude>
    <ClInclude Include="DDSImageFile.h">
      <Filter>헤더 파일\File\Extended</Filter>
    </ClInclude>
    <ClInclude Include="NormalImageFile.h">
      <Filter>헤더 파일\File\Extended</Filter>
    </ClInclude>
    <ClInclude Include="RenderTarget.h">
      <Filter>헤더 파일\Texture2D</Filter>
    </ClInclude>
    <ClInclude Include="ShaderResource.h">
      <Filter>헤더 파일\Texture2D</Filter>
    </ClInclude>
    <ClInclude Include="Texture2D.h">
      <Filter>헤더 파일\Texture2D</Filter>
    </ClInclude>
    <ClInclude Include="DirectXDevice.h">
      <Filter>헤더 파일\Utils</Filter>
    </ClInclude>
    <ClInclude Include="ATransformerable.h">
      <Filter>헤더 파일\Base</Filter>
    </ClInclude>
    <ClInclude Include="RasterizationState.h">
      <Filter>헤더 파일\Utils</Filter>
    </ClInclude>
    <ClInclude Include="DepthStencilState.h">
      <Filter>헤더 파일\Utils</Filter>
    </ClInclude>
    <ClInclude Include="ILight.h">
      <Filter>헤더 파일\Viewable\Light</Filter>
    </ClInclude>
    <ClInclude Include="SpotLight.h">
      <Filter>헤더 파일\Viewable\Light\Extended</Filter>
    </ClInclude>
    <ClInclude Include="PointLight.h">
      <Filter>헤더 파일\Viewable\Light\Extended</Filter>
    </ClInclude>
    <ClInclude Include="IAngleAdjustable.h">
      <Filter>헤더 파일\Base</Filter>
    </ClInclude>
    <ClInclude Include="ICommand.h">
      <Filter>헤더 파일\Base</Filter>
    </ClInclude>
    <ClInclude Include="IMovable.h">
      <Filter>헤더 파일\Base</Filter>
    </ClInclude>
    <ClInclude Include="IRectangle.h">
      <Filter>헤더 파일\Base</Filter>
    </ClInclude>
    <ClInclude Include="IScalable.h">
      <Filter>헤더 파일\Base</Filter>
    </ClInclude>
    <ClInclude Include="IDPickableRenderTarget.h">
      <Filter>헤더 파일\Viewable\Camera</Filter>
    </ClInclude>
    <ClInclude Include="Viewable.h">
      <Filter>헤더 파일\Viewable</Filter>
    </ClInclude>
    <ClInclude Include="ViewableDepthOnly.h">
      <Filter>헤더 파일\Viewable</Filter>
    </ClInclude>
    <ClInclude Include="ViewableDepthStencil.h">
      <Filter>헤더 파일\Viewable</Filter>
    </ClInclude>
    <ClInclude Include="ViewableRenderTarget.h">
      <Filter>헤더 파일\Viewable</Filter>
    </ClInclude>
    <ClInclude Include="IDepthStencil.h">
      <Filter>헤더 파일\Texture2D</Filter>
    </ClInclude>
    <ClInclude Include="ModelManipulator.h">
      <Filter>헤더 파일\GUI\Extended</Filter>
    </ClInclude>
    <ClInclude Include="IGuiMenu.h">
      <Filter>헤더 파일\GUI</Filter>
    </ClInclude>
    <ClInclude Include="ImGuiFileDialogConfig.h">
      <Filter>헤더 파일\GUI</Filter>
    </ClInclude>
    <ClInclude Include="ImGuiFileDialog.h">
      <Filter>헤더 파일\GUI</Filter>
    </ClInclude>
    <ClInclude Include="FileManipulator.h">
      <Filter>헤더 파일\GUI\Extended</Filter>
    </ClInclude>
    <ClInclude Include="PBRStaticMesh.h">
      <Filter>헤더 파일\Model\PBR</Filter>
    </ClInclude>
    <ClInclude Include="CubeModel.h">
      <Filter>헤더 파일\Model\PBR\Extended</Filter>
    </ClInclude>
    <ClInclude Include="AIBLMesh.h">
      <Filter>헤더 파일\Model\PBR</Filter>
    </ClInclude>
    <ClInclude Include="IRenderer.h">
      <Filter>헤더 파일\Renderer</Filter>
    </ClInclude>
    <ClInclude Include="ModelRenderer.h">
      <Filter>헤더 파일\Renderer\Extended</Filter>
    </ClInclude>
    <ClInclude Include="LightRenderer.h">
      <Filter>헤더 파일\Renderer\Extended</Filter>
    </ClInclude>
    <ClInclude Include="NormalVectorRenderer.h">
      <Filter>헤더 파일\Renderer\Extended</Filter>
    </ClInclude>
    <ClInclude Include="StageManipulator.h">
      <Filter>헤더 파일\GUI\Extended\Stage</Filter>
    </ClInclude>
    <ClInclude Include="CameraManipulator.h">
      <Filter>헤더 파일\GUI\Extended\Stage</Filter>
    </ClInclude>
    <ClInclude Include="LightManipulator.h">
      <Filter>헤더 파일\GUI\Extended\Stage</Filter>
    </ClInclude>
    <ClInclude Include="AFilter.h">
      <Filter>헤더 파일\Texture2D\Filter</Filter>
    </ClInclude>
    <ClInclude Include="BlurFilter.h">
      <Filter>헤더 파일\Texture2D\Filter\Extended</Filter>
    </ClInclude>
    <ClInclude Include="CubeRenderTargets.h">
      <Filter>헤더 파일\Viewable</Filter>
    </ClInclude>
    <ClInclude Include="ModelFile.h">
      <Filter>헤더 파일\File\Extended</Filter>
    </ClInclude>
    <ClInclude Include="ImageFile.h">
      <Filter>헤더 파일\File</Filter>
    </ClInclude>
    <ClInclude Include="MeshFile.h">
      <Filter>헤더 파일\File\Extended</Filter>
    </ClInclude>
    <ClInclude Include="CubeMapModel.h">
      <Filter>헤더 파일\Model\PBR\Extended</Filter>
    </ClInclude>
    <ClInclude Include="SinglePBRModel.h">
      <Filter>헤더 파일\Model\PBR</Filter>
    </ClInclude>
    <ClInclude Include="GroupPBRModel.h">
      <Filter>헤더 파일\Model\PBR</Filter>
    </ClInclude>
    <ClInclude Include="IShader.h">
      <Filter>헤더 파일\Shader</Filter>
    </ClInclude>
    <ClInclude Include="IGeometryShader.h">
      <Filter>헤더 파일\Shader</Filter>
    </ClInclude>
    <ClInclude Include="IPixelShader.h">
      <Filter>헤더 파일\Shader</Filter>
    </ClInclude>
    <ClInclude Include="IVertexShader.h">
      <Filter>헤더 파일\Shader</Filter>
    </ClInclude>
    <ClInclude Include="NormalVectorVertexShader.h">
      <Filter>헤더 파일\Shader\Extended\Vertex</Filter>
    </ClInclude>
    <ClInclude Include="NormalVectorGeometryShader.h">
      <Filter>헤더 파일\Shader\Extended\Geometry</Filter>
    </ClInclude>
    <ClInclude Include="NormalVectorPixelShader.h">
      <Filter>헤더 파일\Shader\Extended\Pixel</Filter>
    </ClInclude>
    <ClInclude Include="ModelRenderVertexShader.h">
      <Filter>헤더 파일\Shader\Extended\Vertex</Filter>
    </ClInclude>
    <ClInclude Include="DepthOnlyPixelShader.h">
      <Filter>헤더 파일\Shader\Extended\Pixel</Filter>
    </ClInclude>
    <ClInclude Include="ModelRenderHullShader.h">
      <Filter>헤더 파일\Shader\Extended\Hull</Filter>
    </ClInclude>
    <ClInclude Include="IHullShader.h">
      <Filter>헤더 파일\Shader</Filter>
    </ClInclude>
    <ClInclude Include="IDomainShader.h">
      <Filter>헤더 파일\Shader</Filter>
    </ClInclude>
    <ClInclude Include="ModelRendererDomainShader.h">
      <Filter>헤더 파일\Shader\Extended\Domain</Filter>
    </ClInclude>
    <ClInclude Include="IBLRenderingPixelShader.h">
      <Filter>헤더 파일\Shader\Extended\Pixel</Filter>
    </ClInclude>
    <ClInclude Include="PBRIBLLightPixelShader.h">
      <Filter>헤더 파일\Shader\Extended\Pixel</Filter>
    </ClInclude>
    <ClInclude Include="PBRPointLightPixelShader.h">
      <Filter>헤더 파일\Shader\Extended\Pixel</Filter>
    </ClInclude>
    <ClInclude Include="PBRSpotLightPixelShader.h">
      <Filter>헤더 파일\Shader\Extended\Pixel</Filter>
    </ClInclude>
    <ClInclude Include="TODO.h">
      <Filter>헤더 파일</Filter>
    </ClInclude>
    <ClInclude Include="MirrorModel.h">
      <Filter>헤더 파일\Model\PBR</Filter>
    </ClInclude>
    <ClInclude Include="MirrorModelPixelShader.h">
      <Filter>헤더 파일\Shader\Extended\Pixel</Filter>
    </ClInclude>
    <ClInclude Include="BasicVertexShader.h">
      <Filter>헤더 파일\Shader\Extended\Vertex</Filter>
    </ClInclude>
    <ClInclude Include="IComputeShader.h">
      <Filter>헤더 파일\Shader</Filter>
    </ClInclude>
    <ClInclude Include="ModelIDResolveComputeShader.h">
      <Filter>헤더 파일\Shader\Extended\Compute</Filter>
    </ClInclude>
    <ClInclude Include="MS16ToSS8ComputeShader.h">
      <Filter>헤더 파일\Shader\Extended\Compute</Filter>
    </ClInclude>
    <ClInclude Include="ColorBlurComputeShader.h">
      <Filter>헤더 파일\Shader\Extended\Compute</Filter>
    </ClInclude>
    <ClInclude Include="TypeResolveComputeShader.h">
      <Filter>헤더 파일\Shader\Extended\Compute</Filter>
    </ClInclude>
    <ClInclude Include="DepthBlurComputeShader.h">
      <Filter>헤더 파일\Shader\Extended\Compute</Filter>
    </ClInclude>
  </ItemGroup>
  <ItemGroup>
    <ClCompile Include="BaseApp.cpp">
      <Filter>소스 파일</Filter>
    </ClCompile>
    <ClCompile Include="main.cpp">
      <Filter>소스 파일</Filter>
    </ClCompile>
    <ClCompile Include="PortfolioApp.cpp">
      <Filter>소스 파일</Filter>
    </ClCompile>
    <ClCompile Include="APossessable.cpp">
      <Filter>소스 파일\Base</Filter>
    </ClCompile>
    <ClCompile Include="ACamera.cpp">
      <Filter>소스 파일\Viewable\Camera</Filter>
    </ClCompile>
    <ClCompile Include="Console.cpp">
      <Filter>소스 파일\Utils</Filter>
    </ClCompile>
    <ClCompile Include="ID3D11Helper.cpp">
      <Filter>소스 파일\Utils</Filter>
    </ClCompile>
    <ClCompile Include="MathematicalHelper.cpp">
      <Filter>소스 파일\Utils</Filter>
    </ClCompile>
    <ClCompile Include="IFile.cpp">
      <Filter>소스 파일\File</Filter>
    </ClCompile>
    <ClCompile Include="FileLoader.cpp">
      <Filter>소스 파일\Utils</Filter>
    </ClCompile>
    <ClCompile Include="IMesh.cpp">
      <Filter>소스 파일\Model</Filter>
    </ClCompile>
    <ClCompile Include="DDSImageFile.cpp">
      <Filter>소스 파일\File\Extended</Filter>
    </ClCompile>
    <ClCompile Include="NormalImageFile.cpp">
      <Filter>소스 파일\File\Extended</Filter>
    </ClCompile>
    <ClCompile Include="FilteredCamera.cpp">
      <Filter>소스 파일\Viewable\Camera</Filter>
    </ClCompile>
    <ClCompile Include="PickableCamera.cpp">
      <Filter>소스 파일\Viewable\Camera\Extended</Filter>
    </ClCompile>
    <ClCompile Include="RenderTarget.cpp">
      <Filter>소스 파일\Texture2D</Filter>
    </ClCompile>
    <ClCompile Include="ShaderResource.cpp">
      <Filter>소스 파일\Texture2D</Filter>
    </ClCompile>
    <ClCompile Include="Texture2D.cpp">
      <Filter>소스 파일\Texture2D</Filter>
    </ClCompile>
    <ClCompile Include="DirectXDevice.cpp">
      <Filter>소스 파일\Utils</Filter>
    </ClCompile>
    <ClCompile Include="ATransformerable.cpp">
      <Filter>소스 파일\Base</Filter>
    </ClCompile>
    <ClCompile Include="RasterizationState.cpp">
      <Filter>소스 파일\Utils</Filter>
    </ClCompile>
    <ClCompile Include="DepthStencilState.cpp">
      <Filter>소스 파일\Utils</Filter>
    </ClCompile>
    <ClCompile Include="ILight.cpp">
      <Filter>소스 파일\Viewable\Light</Filter>
    </ClCompile>
    <ClCompile Include="SpotLight.cpp">
      <Filter>소스 파일\Viewable\Light\Extended</Filter>
    </ClCompile>
    <ClCompile Include="PointLight.cpp">
      <Filter>소스 파일\Viewable\Light\Extended</Filter>
    </ClCompile>
    <ClCompile Include="ViewableRenderTarget.cpp">
      <Filter>소스 파일\Viewable</Filter>
    </ClCompile>
    <ClCompile Include="ViewableDepthOnly.cpp">
      <Filter>소스 파일\Viewable</Filter>
    </ClCompile>
    <ClCompile Include="ViewableDepthStencil.cpp">
      <Filter>소스 파일\Viewable</Filter>
    </ClCompile>
    <ClCompile Include="Viewable.cpp">
      <Filter>소스 파일\Viewable</Filter>
    </ClCompile>
    <ClCompile Include="PBRStaticMesh.cpp">
      <Filter>소스 파일\Model\PBR</Filter>
    </ClCompile>
    <ClCompile Include="IDepthStencil.cpp">
      <Filter>소스 파일\Texture2D</Filter>
    </ClCompile>
    <ClCompile Include="IAngleAdjustable.cpp">
      <Filter>소스 파일\Base</Filter>
    </ClCompile>
    <ClCompile Include="IMovable.cpp">
      <Filter>소스 파일\Base</Filter>
    </ClCompile>
    <ClCompile Include="IRectangle.cpp">
      <Filter>소스 파일\Base</Filter>
    </ClCompile>
    <ClCompile Include="IScalable.cpp">
      <Filter>소스 파일\Base</Filter>
    </ClCompile>
    <ClCompile Include="IDPickableRenderTarget.cpp">
      <Filter>소스 파일\Viewable\Camera</Filter>
    </ClCompile>
    <ClCompile Include="ModelManipulator.cpp">
      <Filter>소스 파일\GUI\Extended</Filter>
    </ClCompile>
    <ClCompile Include="ImGuiFileDialog.cpp">
      <Filter>소스 파일\GUI</Filter>
    </ClCompile>
    <ClCompile Include="FileManipulator.cpp">
      <Filter>소스 파일\GUI\Extended</Filter>
    </ClCompile>
    <ClCompile Include="AIBLMesh.cpp">
      <Filter>소스 파일\Model\PBR</Filter>
    </ClCompile>
    <ClCompile Include="IRenderer.cpp">
      <Filter>소스 파일\Renderer</Filter>
    </ClCompile>
    <ClCompile Include="ModelRenderer.cpp">
      <Filter>소스 파일\Renderer\Extended</Filter>
    </ClCompile>
    <ClCompile Include="LightRenderer.cpp">
      <Filter>소스 파일\Renderer\Extended</Filter>
    </ClCompile>
    <ClCompile Include="NormalVectorRenderer.cpp">
      <Filter>소스 파일\Renderer\Extended</Filter>
    </ClCompile>
    <ClCompile Include="StageManipulator.cpp">
      <Filter>소스 파일\GUI\Extended\Stage</Filter>
    </ClCompile>
    <ClCompile Include="CameraManipulator.cpp">
      <Filter>소스 파일\GUI\Extended\Stage</Filter>
    </ClCompile>
    <ClCompile Include="LightManipulator.cpp">
      <Filter>소스 파일\GUI\Extended\Stage</Filter>
    </ClCompile>
    <ClCompile Include="BlurFilter.cpp">
      <Filter>소스 파일\Texture2D\Filter\Extended</Filter>
    </ClCompile>
    <ClCompile Include="AFilter.cpp">
      <Filter>소스 파일\Texture2D\Filter</Filter>
    </ClCompile>
    <ClCompile Include="CubeRenderTargets.cpp">
      <Filter>소스 파일\Viewable</Filter>
    </ClCompile>
    <ClCompile Include="ModelFile.cpp">
      <Filter>소스 파일\File\Extended</Filter>
    </ClCompile>
    <ClCompile Include="ImageFile.cpp">
      <Filter>소스 파일\File</Filter>
    </ClCompile>
    <ClCompile Include="MeshFile.cpp">
      <Filter>소스 파일\File\Extended</Filter>
    </ClCompile>
    <ClCompile Include="CubeModel.cpp">
      <Filter>소스 파일\Model\PBR\Extended</Filter>
    </ClCompile>
    <ClCompile Include="CubeMapModel.cpp">
      <Filter>소스 파일\Model\PBR\Extended</Filter>
    </ClCompile>
    <ClCompile Include="GroupPBRModel.cpp">
      <Filter>소스 파일\Model\PBR</Filter>
    </ClCompile>
    <ClCompile Include="SinglePBRModel.cpp">
      <Filter>소스 파일\Model\PBR</Filter>
    </ClCompile>
    <ClCompile Include="IShader.cpp">
      <Filter>소스 파일\Shader</Filter>
    </ClCompile>
    <ClCompile Include="NormalVectorVertexShader.cpp">
      <Filter>소스 파일\Shader\Extended\Vertex</Filter>
    </ClCompile>
    <ClCompile Include="IGeometryShader.cpp">
      <Filter>소스 파일\Shader</Filter>
    </ClCompile>
    <ClCompile Include="IPixelShader.cpp">
      <Filter>소스 파일\Shader</Filter>
    </ClCompile>
    <ClCompile Include="IVertexShader.cpp">
      <Filter>소스 파일\Shader</Filter>
    </ClCompile>
    <ClCompile Include="NormalVectorGeometryShader.cpp">
      <Filter>소스 파일\Shader\Extended\Geometry</Filter>
    </ClCompile>
    <ClCompile Include="NormalVectorPixelShader.cpp">
      <Filter>소스 파일\Shader\Extended\Pixel</Filter>
    </ClCompile>
    <ClCompile Include="ModelRenderVertexShader.cpp">
      <Filter>소스 파일\Shader\Extended\Vertex</Filter>
    </ClCompile>
    <ClCompile Include="DepthOnlyPixelShader.cpp">
      <Filter>소스 파일\Shader\Extended\Pixel</Filter>
    </ClCompile>
    <ClCompile Include="ModelRenderHullShader.cpp">
      <Filter>소스 파일\Shader\Extended\Hull</Filter>
    </ClCompile>
    <ClCompile Include="IDomainShader.cpp">
      <Filter>소스 파일\Shader</Filter>
    </ClCompile>
    <ClCompile Include="IHullShader.cpp">
      <Filter>소스 파일\Shader</Filter>
    </ClCompile>
    <ClCompile Include="ModelRendererDomainShader.cpp">
      <Filter>소스 파일\Shader\Extended\Domain</Filter>
    </ClCompile>
    <ClCompile Include="PBRIBLLightPixelShader.cpp">
      <Filter>소스 파일\Shader\Extended\Pixel</Filter>
    </ClCompile>
    <ClCompile Include="IBLRenderingPixelShader.cpp">
      <Filter>소스 파일\Shader\Extended\Pixel</Filter>
    </ClCompile>
    <ClCompile Include="PBRPointLightPixelShader.cpp">
      <Filter>소스 파일\Shader\Extended\Pixel</Filter>
    </ClCompile>
    <ClCompile Include="PBRSpotLightPixelShader.cpp">
      <Filter>소스 파일\Shader\Extended\Pixel</Filter>
    </ClCompile>
    <ClCompile Include="MirrorModel.cpp">
      <Filter>소스 파일\Model\PBR</Filter>
    </ClCompile>
    <ClCompile Include="MirrorModelPixelShader.cpp">
      <Filter>소스 파일\Shader\Extended\Pixel</Filter>
    </ClCompile>
    <ClCompile Include="BasicVertexShader.cpp">
      <Filter>소스 파일\Shader\Extended\Vertex</Filter>
    </ClCompile>
    <ClCompile Include="IComputeShader.cpp">
      <Filter>소스 파일\Shader</Filter>
    </ClCompile>
    <ClCompile Include="ModelIDResolveComputeShader.cpp">
      <Filter>소스 파일\Shader\Extended\Compute</Filter>
    </ClCompile>
    <ClCompile Include="MS16ToSS8ComputeShader.cpp">
      <Filter>소스 파일\Shader\Extended\Compute</Filter>
    </ClCompile>
    <ClCompile Include="TypeResolveComputeShader.cpp">
      <Filter>소스 파일\Shader\Extended\Compute</Filter>
    </ClCompile>
    <ClCompile Include="ColorBlurComputeShader.cpp">
      <Filter>소스 파일\Shader\Extended\Compute</Filter>
    </ClCompile>
    <ClCompile Include="DepthBlurComputeShader.cpp">
      <Filter>소스 파일\Shader\Extended\Compute</Filter>
    </ClCompile>
  </ItemGroup>
  <ItemGroup>
    <FxCompile Include="MS16ToSS8CS.hlsl">
      <Filter>Shader\Filter</Filter>
    </FxCompile>
    <FxCompile Include="ModelIDResolveCS.hlsl">
      <Filter>Shader\Filter</Filter>
    </FxCompile>
    <FxCompile Include="DepthOnlyPathPS.hlsl">
      <Filter>Shader</Filter>
    </FxCompile>
    <FxCompile Include="PBRWithPointPS.hlsl">
      <Filter>Shader\PBRModel</Filter>
    </FxCompile>
    <FxCompile Include="PBRWithSpotPS.hlsl">
      <Filter>Shader\PBRModel</Filter>
    </FxCompile>
    <FxCompile Include="IBLModelPS.hlsl">
      <Filter>Shader\IBL</Filter>
    </FxCompile>
    <FxCompile Include="PBRModelVS.hlsl">
      <Filter>Shader</Filter>
    </FxCompile>
    <FxCompile Include="PBRModelDS.hlsl">
      <Filter>Shader</Filter>
    </FxCompile>
    <FxCompile Include="PBRModelHS.hlsl">
      <Filter>Shader</Filter>
    </FxCompile>
    <FxCompile Include="PBRWithIBLPS.hlsl">
      <Filter>Shader\PBRModel</Filter>
    </FxCompile>
    <FxCompile Include="NormalVectorPS.hlsl">
      <Filter>Shader\DebugHelper</Filter>
    </FxCompile>
    <FxCompile Include="NormalVectorGS.hlsl">
      <Filter>Shader\DebugHelper</Filter>
    </FxCompile>
    <FxCompile Include="NormalVectorVS.hlsl">
      <Filter>Shader\DebugHelper</Filter>
    </FxCompile>
    <FxCompile Include="ColorBlurCS.hlsl">
      <Filter>Shader\Filter</Filter>
    </FxCompile>
    <FxCompile Include="TypeResolveCS.hlsl">
      <Filter>Shader\Filter</Filter>
    </FxCompile>
    <FxCompile Include="MirrorModelPS.hlsl">
      <Filter>Shader\PBRModel</Filter>
    </FxCompile>
    <FxCompile Include="BasicVS.hlsl">
      <Filter>Shader</Filter>
    </FxCompile>
    <FxCompile Include="DepthBlurCS.hlsl">
      <Filter>Shader\Filter</Filter>
    </FxCompile>
  </ItemGroup>
  <ItemGroup>
    <None Include="CommonFilterArgs.hlsli">
      <Filter>Shader\Filter</Filter>
    </None>
    <None Include="BrdfHelper.hlsli">
      <Filter>Shader\Include</Filter>
    </None>
    <None Include="Common.hlsli">
      <Filter>Shader\Include</Filter>
    </None>
    <None Include="MathematicalHelper.hlsli">
      <Filter>Shader\Include</Filter>
    </None>
    <None Include="NormalVector.hlsli">
      <Filter>Shader\Include</Filter>
    </None>
    <None Include="ShadowHelper.hlsli">
      <Filter>Shader\Include</Filter>
    </None>
  </ItemGroup>
</Project>